
Microsoft Visual Studio Solution File, Format Version 12.00
# Visual Studio Version 17
VisualStudioVersion = 17.6.33815.320
MinimumVisualStudioVersion = 10.0.40219.1
Project("{9A19103F-16F7-4668-BE54-9A1E7A4F7556}") = "ForeheadApi", "ForeheadApi\ForeheadApi.csproj", "{07FF938F-8B47-4DBE-BD58-6A8B3404B38F}"
EndProject
Project("{FAE04EC0-301F-11D3-BF4B-00C04F79EFBC}") = "ForeheadApi.Core", "ForeheadApi.Core\ForeheadApi.Core.csproj", "{D67D0514-0010-45E5-9814-B0C9EF999A7B}"
EndProject
Project("{FAE04EC0-301F-11D3-BF4B-00C04F79EFBC}") = "ForeheadApi.Infrastructure", "ForeheadApi.Infrastructure\ForeheadApi.Infrastructure.csproj", "{043A5CF3-B89B-4399-9374-22226A2D141B}"
EndProject
Project("{FAE04EC0-301F-11D3-BF4B-00C04F79EFBC}") = "ForeheadApi.Dtos", "ForeheadApi.Dtos\ForeheadApi.Dtos.csproj", "{A8E88966-3156-4A9F-9569-ED8F9A5DDF0E}"
EndProject
Global
	GlobalSection(SolutionConfigurationPlatforms) = preSolution
		Debug|Any CPU = Debug|Any CPU
		Release|Any CPU = Release|Any CPU
	EndGlobalSection
	GlobalSection(ProjectConfigurationPlatforms) = postSolution
		{07FF938F-8B47-4DBE-BD58-6A8B3404B38F}.Debug|Any CPU.ActiveCfg = Debug|Any CPU
		{07FF938F-8B47-4DBE-BD58-6A8B3404B38F}.Debug|Any CPU.Build.0 = Debug|Any CPU
		{07FF938F-8B47-4DBE-BD58-6A8B3404B38F}.Release|Any CPU.ActiveCfg = Release|Any CPU
		{07FF938F-8B47-4DBE-BD58-6A8B3404B38F}.Release|Any CPU.Build.0 = Release|Any CPU
		{D67D0514-0010-45E5-9814-B0C9EF999A7B}.Debug|Any CPU.ActiveCfg = Debug|Any CPU
		{D67D0514-0010-45E5-9814-B0C9EF999A7B}.Debug|Any CPU.Build.0 = Debug|Any CPU
		{D67D0514-0010-45E5-9814-B0C9EF999A7B}.Release|Any CPU.ActiveCfg = Release|Any CPU
		{D67D0514-0010-45E5-9814-B0C9EF999A7B}.Release|Any CPU.Build.0 = Release|Any CPU
		{043A5CF3-B89B-4399-9374-22226A2D141B}.Debug|Any CPU.ActiveCfg = Debug|Any CPU
		{043A5CF3-B89B-4399-9374-22226A2D141B}.Debug|Any CPU.Build.0 = Debug|Any CPU
		{043A5CF3-B89B-4399-9374-22226A2D141B}.Release|Any CPU.ActiveCfg = Release|Any CPU
		{043A5CF3-B89B-4399-9374-22226A2D141B}.Release|Any CPU.Build.0 = Release|Any CPU
		{A8E88966-3156-4A9F-9569-ED8F9A5DDF0E}.Debug|Any CPU.ActiveCfg = Debug|Any CPU
		{A8E88966-3156-4A9F-9569-ED8F9A5DDF0E}.Debug|Any CPU.Build.0 = Debug|Any CPU
		{A8E88966-3156-4A9F-9569-ED8F9A5DDF0E}.Release|Any CPU.ActiveCfg = Release|Any CPU
		{A8E88966-3156-4A9F-9569-ED8F9A5DDF0E}.Release|Any CPU.Build.0 = Release|Any CPU
	EndGlobalSection
	GlobalSection(SolutionProperties) = preSolution
		HideSolutionNode = FALSE
	EndGlobalSection
	GlobalSection(ExtensibilityGlobals) = postSolution
		SolutionGuid = {0ED6957E-5A4F-4DF4-978E-AF38AE9BC166}
	EndGlobalSection
EndGlobal
